
Microsoft Visual Studio Solution File, Format Version 12.00
# Visual Studio Version 16
VisualStudioVersion = 16.0.30907.101
MinimumVisualStudioVersion = 10.0.40219.1
Project("{FAE04EC0-301F-11D3-BF4B-00C04F79EFBC}") = "MDSM Base Application", "src\MDSM Base Application\MDSM Base Application.csproj", "{0DE31FE6-BC4F-4A2F-9046-CCDD6E833CCF}"
EndProject
Project("{FAE04EC0-301F-11D3-BF4B-00C04F79EFBC}") = "MDSM Console", "src\MDSM Console\MDSM Console.csproj", "{05EFBC4C-B2C6-4814-AB21-C9D39718FEF5}"
EndProject
Project("{FAE04EC0-301F-11D3-BF4B-00C04F79EFBC}") = "MDSM Forms", "src\MDSM Forms\MDSM Forms.csproj", "{FB49404E-874C-4709-9FE8-9706F71CEA89}"
EndProject
Global
	GlobalSection(SolutionConfigurationPlatforms) = preSolution
		Debug|Any CPU = Debug|Any CPU
		Release|Any CPU = Release|Any CPU
	EndGlobalSection
	GlobalSection(ProjectConfigurationPlatforms) = postSolution
		{0DE31FE6-BC4F-4A2F-9046-CCDD6E833CCF}.Debug|Any CPU.ActiveCfg = Debug|Any CPU
		{0DE31FE6-BC4F-4A2F-9046-CCDD6E833CCF}.Debug|Any CPU.Build.0 = Debug|Any CPU
		{0DE31FE6-BC4F-4A2F-9046-CCDD6E833CCF}.Release|Any CPU.ActiveCfg = Release|Any CPU
		{0DE31FE6-BC4F-4A2F-9046-CCDD6E833CCF}.Release|Any CPU.Build.0 = Release|Any CPU
		{05EFBC4C-B2C6-4814-AB21-C9D39718FEF5}.Debug|Any CPU.ActiveCfg = Debug|Any CPU
		{05EFBC4C-B2C6-4814-AB21-C9D39718FEF5}.Debug|Any CPU.Build.0 = Debug|Any CPU
		{05EFBC4C-B2C6-4814-AB21-C9D39718FEF5}.Release|Any CPU.ActiveCfg = Release|Any CPU
		{05EFBC4C-B2C6-4814-AB21-C9D39718FEF5}.Release|Any CPU.Build.0 = Release|Any CPU
		{FB49404E-874C-4709-9FE8-9706F71CEA89}.Debug|Any CPU.ActiveCfg = Debug|Any CPU
		{FB49404E-874C-4709-9FE8-9706F71CEA89}.Debug|Any CPU.Build.0 = Debug|Any CPU
		{FB49404E-874C-4709-9FE8-9706F71CEA89}.Release|Any CPU.ActiveCfg = Release|Any CPU
		{FB49404E-874C-4709-9FE8-9706F71CEA89}.Release|Any CPU.Build.0 = Release|Any CPU
	EndGlobalSection
	GlobalSection(SolutionProperties) = preSolution
		HideSolutionNode = FALSE
	EndGlobalSection
	GlobalSection(ExtensibilityGlobals) = postSolution
		SolutionGuid = {BF28D03E-E299-46B2-9410-AA976DA1C681}
	EndGlobalSection
EndGlobal
